
Microsoft Visual Studio Solution File, Format Version 12.00
# Visual Studio Version 17
VisualStudioVersion = 17.8.34511.84
MinimumVisualStudioVersion = 10.0.40219.1
Project("{888888A0-9F3D-457C-B088-3A5042F75D52}") = "BaoMa_Chatapp", "BaoMa_Chatapp.pyproj", "{9F5862DF-F4AC-412A-8C26-964D9DE34521}"
EndProject
Global
	GlobalSection(SolutionConfigurationPlatforms) = preSolution
		Debug|Any CPU = Debug|Any CPU
		Release|Any CPU = Release|Any CPU
	EndGlobalSection
	GlobalSection(ProjectConfigurationPlatforms) = postSolution
		{9F5862DF-F4AC-412A-8C26-964D9DE34521}.Debug|Any CPU.ActiveCfg = Debug|Any CPU
		{9F5862DF-F4AC-412A-8C26-964D9DE34521}.Debug|Any CPU.Build.0 = Debug|Any CPU
		{9F5862DF-F4AC-412A-8C26-964D9DE34521}.Release|Any CPU.ActiveCfg = Release|Any CPU
		{9F5862DF-F4AC-412A-8C26-964D9DE34521}.Release|Any CPU.Build.0 = Release|Any CPU
	EndGlobalSection
	GlobalSection(SolutionProperties) = preSolution
		HideSolutionNode = FALSE
	EndGlobalSection
	GlobalSection(ExtensibilityGlobals) = postSolution
		SolutionGuid = {E7392D78-ABC2-4152-B272-D6370F644BBA}
	EndGlobalSection
EndGlobal
